
Microsoft Visual Studio Solution File, Format Version 12.00
# Visual Studio Version 17
VisualStudioVersion = 17.5.33502.453
MinimumVisualStudioVersion = 10.0.40219.1
Project("{FAE04EC0-301F-11D3-BF4B-00C04F79EFBC}") = "KmyTarkovApi", "KmyTarkovApi\KmyTarkovApi.csproj", "{87C57988-0732-4C2D-AF35-B075B2112667}"
EndProject
Project("{FAE04EC0-301F-11D3-BF4B-00C04F79EFBC}") = "KmyTarkovReflection", "KmyTarkovReflection\KmyTarkovReflection.csproj", "{DC861862-6289-4BDE-AFAE-2AB0991D12A7}"
EndProject
Project("{FAE04EC0-301F-11D3-BF4B-00C04F79EFBC}") = "KmyTarkovUtils", "KmyTarkovUtils\KmyTarkovUtils.csproj", "{E04CFA65-4251-468E-A5C4-F7611542CDA5}"
EndProject
Project("{FAE04EC0-301F-11D3-BF4B-00C04F79EFBC}") = "KmyTarkovConfiguration", "KmyTarkovConfiguration\KmyTarkovConfiguration.csproj", "{279303EE-9C6C-4FCF-B5A4-9C8AB69FFF3E}"
EndProject
Global
	GlobalSection(SolutionConfigurationPlatforms) = preSolution
		Debug|Any CPU = Debug|Any CPU
		Preview|Any CPU = Preview|Any CPU
		Release|Any CPU = Release|Any CPU
		UNITY_EDITOR|Any CPU = UNITY_EDITOR|Any CPU
	EndGlobalSection
	GlobalSection(ProjectConfigurationPlatforms) = postSolution
		{87C57988-0732-4C2D-AF35-B075B2112667}.Debug|Any CPU.ActiveCfg = Debug|Any CPU
		{87C57988-0732-4C2D-AF35-B075B2112667}.Debug|Any CPU.Build.0 = Debug|Any CPU
		{87C57988-0732-4C2D-AF35-B075B2112667}.Preview|Any CPU.ActiveCfg = Preview|Any CPU
		{87C57988-0732-4C2D-AF35-B075B2112667}.Preview|Any CPU.Build.0 = Preview|Any CPU
		{87C57988-0732-4C2D-AF35-B075B2112667}.Release|Any CPU.ActiveCfg = Release|Any CPU
		{87C57988-0732-4C2D-AF35-B075B2112667}.Release|Any CPU.Build.0 = Release|Any CPU
		{87C57988-0732-4C2D-AF35-B075B2112667}.UNITY_EDITOR|Any CPU.ActiveCfg = UNITY_EDITOR|Any CPU
		{87C57988-0732-4C2D-AF35-B075B2112667}.UNITY_EDITOR|Any CPU.Build.0 = UNITY_EDITOR|Any CPU
		{DC861862-6289-4BDE-AFAE-2AB0991D12A7}.Debug|Any CPU.ActiveCfg = Debug|Any CPU
		{DC861862-6289-4BDE-AFAE-2AB0991D12A7}.Debug|Any CPU.Build.0 = Debug|Any CPU
		{DC861862-6289-4BDE-AFAE-2AB0991D12A7}.Preview|Any CPU.ActiveCfg = Preview|Any CPU
		{DC861862-6289-4BDE-AFAE-2AB0991D12A7}.Preview|Any CPU.Build.0 = Preview|Any CPU
		{DC861862-6289-4BDE-AFAE-2AB0991D12A7}.Release|Any CPU.ActiveCfg = Release|Any CPU
		{DC861862-6289-4BDE-AFAE-2AB0991D12A7}.Release|Any CPU.Build.0 = Release|Any CPU
		{DC861862-6289-4BDE-AFAE-2AB0991D12A7}.UNITY_EDITOR|Any CPU.ActiveCfg = UNITY_EDITOR|Any CPU
		{DC861862-6289-4BDE-AFAE-2AB0991D12A7}.UNITY_EDITOR|Any CPU.Build.0 = UNITY_EDITOR|Any CPU
		{E04CFA65-4251-468E-A5C4-F7611542CDA5}.Debug|Any CPU.ActiveCfg = Debug|Any CPU
		{E04CFA65-4251-468E-A5C4-F7611542CDA5}.Debug|Any CPU.Build.0 = Debug|Any CPU
		{E04CFA65-4251-468E-A5C4-F7611542CDA5}.Preview|Any CPU.ActiveCfg = Preview|Any CPU
		{E04CFA65-4251-468E-A5C4-F7611542CDA5}.Preview|Any CPU.Build.0 = Preview|Any CPU
		{E04CFA65-4251-468E-A5C4-F7611542CDA5}.Release|Any CPU.ActiveCfg = Release|Any CPU
		{E04CFA65-4251-468E-A5C4-F7611542CDA5}.Release|Any CPU.Build.0 = Release|Any CPU
		{E04CFA65-4251-468E-A5C4-F7611542CDA5}.UNITY_EDITOR|Any CPU.ActiveCfg = UNITY_EDITOR|Any CPU
		{E04CFA65-4251-468E-A5C4-F7611542CDA5}.UNITY_EDITOR|Any CPU.Build.0 = UNITY_EDITOR|Any CPU
		{279303EE-9C6C-4FCF-B5A4-9C8AB69FFF3E}.Debug|Any CPU.ActiveCfg = Debug|Any CPU
		{279303EE-9C6C-4FCF-B5A4-9C8AB69FFF3E}.Debug|Any CPU.Build.0 = Debug|Any CPU
		{279303EE-9C6C-4FCF-B5A4-9C8AB69FFF3E}.Preview|Any CPU.ActiveCfg = Preview|Any CPU
		{279303EE-9C6C-4FCF-B5A4-9C8AB69FFF3E}.Preview|Any CPU.Build.0 = Preview|Any CPU
		{279303EE-9C6C-4FCF-B5A4-9C8AB69FFF3E}.Release|Any CPU.ActiveCfg = Release|Any CPU
		{279303EE-9C6C-4FCF-B5A4-9C8AB69FFF3E}.Release|Any CPU.Build.0 = Release|Any CPU
		{279303EE-9C6C-4FCF-B5A4-9C8AB69FFF3E}.UNITY_EDITOR|Any CPU.ActiveCfg = UNITY_EDITOR|Any CPU
		{279303EE-9C6C-4FCF-B5A4-9C8AB69FFF3E}.UNITY_EDITOR|Any CPU.Build.0 = UNITY_EDITOR|Any CPU
	EndGlobalSection
	GlobalSection(SolutionProperties) = preSolution
		HideSolutionNode = FALSE
	EndGlobalSection
	GlobalSection(ExtensibilityGlobals) = postSolution
		SolutionGuid = {4611194A-34BC-403C-BF26-51DBC5BA42E9}
	EndGlobalSection
EndGlobal
